// !$*UTF8*$!
{
	archiveVersion = 1;
	classes = {
	};
	objectVersion = 55;
	objects = {

/* Begin PBXBuildFile section */
		DE40CA28288E773600626AE4 /* AppDelegate.swift in Sources */ = {isa = PBXBuildFile; fileRef = DE40CA27288E773600626AE4 /* AppDelegate.swift */; };
		DE40CA2A288E773600626AE4 /* SceneDelegate.swift in Sources */ = {isa = PBXBuildFile; fileRef = DE40CA29288E773600626AE4 /* SceneDelegate.swift */; };
		DE40CA2C288E773600626AE4 /* ViewController.swift in Sources */ = {isa = PBXBuildFile; fileRef = DE40CA2B288E773600626AE4 /* ViewController.swift */; };
		DE40CA31288E773800626AE4 /* Assets.xcassets in Resources */ = {isa = PBXBuildFile; fileRef = DE40CA30288E773800626AE4 /* Assets.xcassets */; };
		DE40CA34288E773800626AE4 /* LaunchScreen.storyboard in Resources */ = {isa = PBXBuildFile; fileRef = DE40CA32288E773800626AE4 /* LaunchScreen.storyboard */; };
		DE40CA3F288E773800626AE4 /* bannerPracticeTests.swift in Sources */ = {isa = PBXBuildFile; fileRef = DE40CA3E288E773800626AE4 /* bannerPracticeTests.swift */; };
		DE40CA49288E773800626AE4 /* bannerPracticeUITests.swift in Sources */ = {isa = PBXBuildFile; fileRef = DE40CA48288E773800626AE4 /* bannerPracticeUITests.swift */; };
		DE40CA4B288E773800626AE4 /* bannerPracticeUITestsLaunchTests.swift in Sources */ = {isa = PBXBuildFile; fileRef = DE40CA4A288E773800626AE4 /* bannerPracticeUITestsLaunchTests.swift */; };
		DE40CA59288E797300626AE4 /* SnapKit in Frameworks */ = {isa = PBXBuildFile; productRef = DE40CA58288E797300626AE4 /* SnapKit */; };
		DE40CA5C288E798100626AE4 /* Then in Frameworks */ = {isa = PBXBuildFile; productRef = DE40CA5B288E798100626AE4 /* Then */; };
		DE40CA60288E7DE500626AE4 /* BannerCell.swift in Sources */ = {isa = PBXBuildFile; fileRef = DE40CA5F288E7DE500626AE4 /* BannerCell.swift */; };
/* End PBXBuildFile section */

/* Begin PBXContainerItemProxy section */
		DE40CA3B288E773800626AE4 /* PBXContainerItemProxy */ = {
			isa = PBXContainerItemProxy;
			containerPortal = DE40CA1C288E773600626AE4 /* Project object */;
			proxyType = 1;
			remoteGlobalIDString = DE40CA23288E773600626AE4;
			remoteInfo = bannerPractice;
		};
		DE40CA45288E773800626AE4 /* PBXContainerItemProxy */ = {
			isa = PBXContainerItemProxy;
			containerPortal = DE40CA1C288E773600626AE4 /* Project object */;
			proxyType = 1;
			remoteGlobalIDString = DE40CA23288E773600626AE4;
			remoteInfo = bannerPractice;
		};
/* End PBXContainerItemProxy section */

/* Begin PBXFileReference section */
		DE40CA24288E773600626AE4 /* bannerPractice.app */ = {isa = PBXFileReference; explicitFileType = wrapper.application; includeInIndex = 0; path = bannerPractice.app; sourceTree = BUILT_PRODUCTS_DIR; };
		DE40CA27288E773600626AE4 /* AppDelegate.swift */ = {isa = PBXFileReference; lastKnownFileType = sourcecode.swift; path = AppDelegate.swift; sourceTree = "<group>"; };
		DE40CA29288E773600626AE4 /* SceneDelegate.swift */ = {isa = PBXFileReference; lastKnownFileType = sourcecode.swift; path = SceneDelegate.swift; sourceTree = "<group>"; };
		DE40CA2B288E773600626AE4 /* ViewController.swift */ = {isa = PBXFileReference; lastKnownFileType = sourcecode.swift; path = ViewController.swift; sourceTree = "<group>"; };
		DE40CA30288E773800626AE4 /* Assets.xcassets */ = {isa = PBXFileReference; lastKnownFileType = folder.assetcatalog; path = Assets.xcassets; sourceTree = "<group>"; };
		DE40CA33288E773800626AE4 /* Base */ = {isa = PBXFileReference; lastKnownFileType = file.storyboard; name = Base; path = Base.lproj/LaunchScreen.storyboard; sourceTree = "<group>"; };
		DE40CA35288E773800626AE4 /* Info.plist */ = {isa = PBXFileReference; lastKnownFileType = text.plist.xml; path = Info.plist; sourceTree = "<group>"; };
		DE40CA3A288E773800626AE4 /* bannerPracticeTests.xctest */ = {isa = PBXFileReference; explicitFileType = wrapper.cfbundle; includeInIndex = 0; path = bannerPracticeTests.xctest; sourceTree = BUILT_PRODUCTS_DIR; };
		DE40CA3E288E773800626AE4 /* bannerPracticeTests.swift */ = {isa = PBXFileReference; lastKnownFileType = sourcecode.swift; path = bannerPracticeTests.swift; sourceTree = "<group>"; };
		DE40CA44288E773800626AE4 /* bannerPracticeUITests.xctest */ = {isa = PBXFileReference; explicitFileType = wrapper.cfbundle; includeInIndex = 0; path = bannerPracticeUITests.xctest; sourceTree = BUILT_PRODUCTS_DIR; };
		DE40CA48288E773800626AE4 /* bannerPracticeUITests.swift */ = {isa = PBXFileReference; lastKnownFileType = sourcecode.swift; path = bannerPracticeUITests.swift; sourceTree = "<group>"; };
		DE40CA4A288E773800626AE4 /* bannerPracticeUITestsLaunchTests.swift */ = {isa = PBXFileReference; lastKnownFileType = sourcecode.swift; path = bannerPracticeUITestsLaunchTests.swift; sourceTree = "<group>"; };
		DE40CA5F288E7DE500626AE4 /* BannerCell.swift */ = {isa = PBXFileReference; lastKnownFileType = sourcecode.swift; path = BannerCell.swift; sourceTree = "<group>"; };
/* End PBXFileReference section */

/* Begin PBXFrameworksBuildPhase section */
		DE40CA21288E773600626AE4 /* Frameworks */ = {
			isa = PBXFrameworksBuildPhase;
			buildActionMask = 2147483647;
			files = (
				DE40CA59288E797300626AE4 /* SnapKit in Frameworks */,
				DE40CA5C288E798100626AE4 /* Then in Frameworks */,
			);
			runOnlyForDeploymentPostprocessing = 0;
		};
		DE40CA37288E773800626AE4 /* Frameworks */ = {
			isa = PBXFrameworksBuildPhase;
			buildActionMask = 2147483647;
			files = (
			);
			runOnlyForDeploymentPostprocessing = 0;
		};
		DE40CA41288E773800626AE4 /* Frameworks */ = {
			isa = PBXFrameworksBuildPhase;
			buildActionMask = 2147483647;
			files = (
			);
			runOnlyForDeploymentPostprocessing = 0;
		};
/* End PBXFrameworksBuildPhase section */

/* Begin PBXGroup section */
		DE40CA1B288E773600626AE4 = {
			isa = PBXGroup;
			children = (
				DE40CA26288E773600626AE4 /* bannerPractice */,
				DE40CA3D288E773800626AE4 /* bannerPracticeTests */,
				DE40CA47288E773800626AE4 /* bannerPracticeUITests */,
				DE40CA25288E773600626AE4 /* Products */,
			);
			sourceTree = "<group>";
		};
		DE40CA25288E773600626AE4 /* Products */ = {
			isa = PBXGroup;
			children = (
				DE40CA24288E773600626AE4 /* bannerPractice.app */,
				DE40CA3A288E773800626AE4 /* bannerPracticeTests.xctest */,
				DE40CA44288E773800626AE4 /* bannerPracticeUITests.xctest */,
			);
			name = Products;
			sourceTree = "<group>";
		};
		DE40CA26288E773600626AE4 /* bannerPractice */ = {
			isa = PBXGroup;
			children = (
				DE40CA27288E773600626AE4 /* AppDelegate.swift */,
				DE40CA29288E773600626AE4 /* SceneDelegate.swift */,
				DE40CA2B288E773600626AE4 /* ViewController.swift */,
				DE40CA5F288E7DE500626AE4 /* BannerCell.swift */,
				DE40CA30288E773800626AE4 /* Assets.xcassets */,
				DE40CA32288E773800626AE4 /* LaunchScreen.storyboard */,
				DE40CA35288E773800626AE4 /* Info.plist */,
			);
			path = bannerPractice;
			sourceTree = "<group>";
		};
		DE40CA3D288E773800626AE4 /* bannerPracticeTests */ = {
			isa = PBXGroup;
			children = (
				DE40CA3E288E773800626AE4 /* bannerPracticeTests.swift */,
			);
			path = bannerPracticeTests;
			sourceTree = "<group>";
		};
		DE40CA47288E773800626AE4 /* bannerPracticeUITests */ = {
			isa = PBXGroup;
			children = (
				DE40CA48288E773800626AE4 /* bannerPracticeUITests.swift */,
				DE40CA4A288E773800626AE4 /* bannerPracticeUITestsLaunchTests.swift */,
			);
			path = bannerPracticeUITests;
			sourceTree = "<group>";
		};
/* End PBXGroup section */

/* Begin PBXNativeTarget section */
		DE40CA23288E773600626AE4 /* bannerPractice */ = {
			isa = PBXNativeTarget;
			buildConfigurationList = DE40CA4E288E773800626AE4 /* Build configuration list for PBXNativeTarget "bannerPractice" */;
			buildPhases = (
				DE40CA20288E773600626AE4 /* Sources */,
				DE40CA21288E773600626AE4 /* Frameworks */,
				DE40CA22288E773600626AE4 /* Resources */,
			);
			buildRules = (
			);
			dependencies = (
			);
			name = bannerPractice;
			packageProductDependencies = (
				DE40CA58288E797300626AE4 /* SnapKit */,
				DE40CA5B288E798100626AE4 /* Then */,
			);
			productName = bannerPractice;
			productReference = DE40CA24288E773600626AE4 /* bannerPractice.app */;
			productType = "com.apple.product-type.application";
		};
		DE40CA39288E773800626AE4 /* bannerPracticeTests */ = {
			isa = PBXNativeTarget;
			buildConfigurationList = DE40CA51288E773800626AE4 /* Build configuration list for PBXNativeTarget "bannerPracticeTests" */;
			buildPhases = (
				DE40CA36288E773800626AE4 /* Sources */,
				DE40CA37288E773800626AE4 /* Frameworks */,
				DE40CA38288E773800626AE4 /* Resources */,
			);
			buildRules = (
			);
			dependencies = (
				DE40CA3C288E773800626AE4 /* PBXTargetDependency */,
			);
			name = bannerPracticeTests;
			productName = bannerPracticeTests;
			productReference = DE40CA3A288E773800626AE4 /* bannerPracticeTests.xctest */;
			productType = "com.apple.product-type.bundle.unit-test";
		};
		DE40CA43288E773800626AE4 /* bannerPracticeUITests */ = {
			isa = PBXNativeTarget;
			buildConfigurationList = DE40CA54288E773800626AE4 /* Build configuration list for PBXNativeTarget "bannerPracticeUITests" */;
			buildPhases = (
				DE40CA40288E773800626AE4 /* Sources */,
				DE40CA41288E773800626AE4 /* Frameworks */,
				DE40CA42288E773800626AE4 /* Resources */,
			);
			buildRules = (
			);
			dependencies = (
				DE40CA46288E773800626AE4 /* PBXTargetDependency */,
			);
			name = bannerPracticeUITests;
			productName = bannerPracticeUITests;
			productReference = DE40CA44288E773800626AE4 /* bannerPracticeUITests.xctest */;
			productType = "com.apple.product-type.bundle.ui-testing";
		};
/* End PBXNativeTarget section */

/* Begin PBXProject section */
		DE40CA1C288E773600626AE4 /* Project object */ = {
			isa = PBXProject;
			attributes = {
				BuildIndependentTargetsInParallel = 1;
				LastSwiftUpdateCheck = 1340;
				LastUpgradeCheck = 1340;
				TargetAttributes = {
					DE40CA23288E773600626AE4 = {
						CreatedOnToolsVersion = 13.4.1;
					};
					DE40CA39288E773800626AE4 = {
						CreatedOnToolsVersion = 13.4.1;
						TestTargetID = DE40CA23288E773600626AE4;
					};
					DE40CA43288E773800626AE4 = {
						CreatedOnToolsVersion = 13.4.1;
						TestTargetID = DE40CA23288E773600626AE4;
					};
				};
			};
			buildConfigurationList = DE40CA1F288E773600626AE4 /* Build configuration list for PBXProject "bannerPractice" */;
			compatibilityVersion = "Xcode 13.0";
			developmentRegion = en;
			hasScannedForEncodings = 0;
			knownRegions = (
				en,
				Base,
			);
			mainGroup = DE40CA1B288E773600626AE4;
			packageReferences = (
				DE40CA57288E797300626AE4 /* XCRemoteSwiftPackageReference "SnapKit" */,
				DE40CA5A288E798100626AE4 /* XCRemoteSwiftPackageReference "Then" */,
			);
			productRefGroup = DE40CA25288E773600626AE4 /* Products */;
			projectDirPath = "";
			projectRoot = "";
			targets = (
				DE40CA23288E773600626AE4 /* bannerPractice */,
				DE40CA39288E773800626AE4 /* bannerPracticeTests */,
				DE40CA43288E773800626AE4 /* bannerPracticeUITests */,
			);
		};
/* End PBXProject section */

/* Begin PBXResourcesBuildPhase section */
		DE40CA22288E773600626AE4 /* Resources */ = {
			isa = PBXResourcesBuildPhase;
			buildActionMask = 2147483647;
			files = (
				DE40CA34288E773800626AE4 /* LaunchScreen.storyboard in Resources */,
				DE40CA31288E773800626AE4 /* Assets.xcassets in Resources */,
			);
			runOnlyForDeploymentPostprocessing = 0;
		};
		DE40CA38288E773800626AE4 /* Resources */ = {
			isa = PBXResourcesBuildPhase;
			buildActionMask = 2147483647;
			files = (
			);
			runOnlyForDeploymentPostprocessing = 0;
		};
		DE40CA42288E773800626AE4 /* Resources */ = {
			isa = PBXResourcesBuildPhase;
			buildActionMask = 2147483647;
			files = (
			);
			runOnlyForDeploymentPostprocessing = 0;
		};
/* End PBXResourcesBuildPhase section */

/* Begin PBXSourcesBuildPhase section */
		DE40CA20288E773600626AE4 /* Sources */ = {
			isa = PBXSourcesBuildPhase;
			buildActionMask = 2147483647;
			files = (
				DE40CA2C288E773600626AE4 /* ViewController.swift in Sources */,
				DE40CA60288E7DE500626AE4 /* BannerCell.swift in Sources */,
				DE40CA28288E773600626AE4 /* AppDelegate.swift in Sources */,
				DE40CA2A288E773600626AE4 /* SceneDelegate.swift in Sources */,
			);
			runOnlyForDeploymentPostprocessing = 0;
		};
		DE40CA36288E773800626AE4 /* Sources */ = {
			isa = PBXSourcesBuildPhase;
			buildActionMask = 2147483647;
			files = (
				DE40CA3F288E773800626AE4 /* bannerPracticeTests.swift in Sources */,
			);
			runOnlyForDeploymentPostprocessing = 0;
		};
		DE40CA40288E773800626AE4 /* Sources */ = {
			isa = PBXSourcesBuildPhase;
			buildActionMask = 2147483647;
			files = (
				DE40CA49288E773800626AE4 /* bannerPracticeUITests.swift in Sources */,
				DE40CA4B288E773800626AE4 /* bannerPracticeUITestsLaunchTests.swift in Sources */,
			);
			runOnlyForDeploymentPostprocessing = 0;
		};
/* End PBXSourcesBuildPhase section */

/* Begin PBXTargetDependency section */
		DE40CA3C288E773800626AE4 /* PBXTargetDependency */ = {
			isa = PBXTargetDependency;
			target = DE40CA23288E773600626AE4 /* bannerPractice */;
			targetProxy = DE40CA3B288E773800626AE4 /* PBXContainerItemProxy */;
		};
		DE40CA46288E773800626AE4 /* PBXTargetDependency */ = {
			isa = PBXTargetDependency;
			target = DE40CA23288E773600626AE4 /* bannerPractice */;
			targetProxy = DE40CA45288E773800626AE4 /* PBXContainerItemProxy */;
		};
/* End PBXTargetDependency section */

/* Begin PBXVariantGroup section */
		DE40CA32288E773800626AE4 /* LaunchScreen.storyboard */ = {
			isa = PBXVariantGroup;
			children = (
				DE40CA33288E773800626AE4 /* Base */,
			);
			name = LaunchScreen.storyboard;
			sourceTree = "<group>";
		};
/* End PBXVariantGroup section */

/* Begin XCBuildConfiguration section */
		DE40CA4C288E773800626AE4 /* Debug */ = {
			isa = XCBuildConfiguration;
			buildSettings = {
				ALWAYS_SEARCH_USER_PATHS = NO;
				CLANG_ANALYZER_NONNULL = YES;
				CLANG_ANALYZER_NUMBER_OBJECT_CONVERSION = YES_AGGRESSIVE;
				CLANG_CXX_LANGUAGE_STANDARD = "gnu++17";
				CLANG_ENABLE_MODULES = YES;
				CLANG_ENABLE_OBJC_ARC = YES;
				CLANG_ENABLE_OBJC_WEAK = YES;
				CLANG_WARN_BLOCK_CAPTURE_AUTORELEASING = YES;
				CLANG_WARN_BOOL_CONVERSION = YES;
				CLANG_WARN_COMMA = YES;
				CLANG_WARN_CONSTANT_CONVERSION = YES;
				CLANG_WARN_DEPRECATED_OBJC_IMPLEMENTATIONS = YES;
				CLANG_WARN_DIRECT_OBJC_ISA_USAGE = YES_ERROR;
				CLANG_WARN_DOCUMENTATION_COMMENTS = YES;
				CLANG_WARN_EMPTY_BODY = YES;
				CLANG_WARN_ENUM_CONVERSION = YES;
				CLANG_WARN_INFINITE_RECURSION = YES;
				CLANG_WARN_INT_CONVERSION = YES;
				CLANG_WARN_NON_LITERAL_NULL_CONVERSION = YES;
				CLANG_WARN_OBJC_IMPLICIT_RETAIN_SELF = YES;
				CLANG_WARN_OBJC_LITERAL_CONVERSION = YES;
				CLANG_WARN_OBJC_ROOT_CLASS = YES_ERROR;
				CLANG_WARN_QUOTED_INCLUDE_IN_FRAMEWORK_HEADER = YES;
				CLANG_WARN_RANGE_LOOP_ANALYSIS = YES;
				CLANG_WARN_STRICT_PROTOTYPES = YES;
				CLANG_WARN_SUSPICIOUS_MOVE = YES;
				CLANG_WARN_UNGUARDED_AVAILABILITY = YES_AGGRESSIVE;
				CLANG_WARN_UNREACHABLE_CODE = YES;
				CLANG_WARN__DUPLICATE_METHOD_MATCH = YES;
				COPY_PHASE_STRIP = NO;
				DEBUG_INFORMATION_FORMAT = dwarf;
				ENABLE_STRICT_OBJC_MSGSEND = YES;
				ENABLE_TESTABILITY = YES;
				GCC_C_LANGUAGE_STANDARD = gnu11;
				GCC_DYNAMIC_NO_PIC = NO;
				GCC_NO_COMMON_BLOCKS = YES;
				GCC_OPTIMIZATION_LEVEL = 0;
				GCC_PREPROCESSOR_DEFINITIONS = (
					"DEBUG=1",
					"$(inherited)",
				);
				GCC_WARN_64_TO_32_BIT_CONVERSION = YES;
				GCC_WARN_ABOUT_RETURN_TYPE = YES_ERROR;
				GCC_WARN_UNDECLARED_SELECTOR = YES;
				GCC_WARN_UNINITIALIZED_AUTOS = YES_AGGRESSIVE;
				GCC_WARN_UNUSED_FUNCTION = YES;
				GCC_WARN_UNUSED_VARIABLE = YES;
				IPHONEOS_DEPLOYMENT_TARGET = 15.5;
				MTL_ENABLE_DEBUG_INFO = INCLUDE_SOURCE;
				MTL_FAST_MATH = YES;
				ONLY_ACTIVE_ARCH = YES;
				SDKROOT = iphoneos;
				SWIFT_ACTIVE_COMPILATION_CONDITIONS = DEBUG;
				SWIFT_OPTIMIZATION_LEVEL = "-Onone";
			};
			name = Debug;
		};
		DE40CA4D288E773800626AE4 /* Release */ = {
			isa = XCBuildConfiguration;
			buildSettings = {
				ALWAYS_SEARCH_USER_PATHS = NO;
				CLANG_ANALYZER_NONNULL = YES;
				CLANG_ANALYZER_NUMBER_OBJECT_CONVERSION = YES_AGGRESSIVE;
				CLANG_CXX_LANGUAGE_STANDARD = "gnu++17";
				CLANG_ENABLE_MODULES = YES;
				CLANG_ENABLE_OBJC_ARC = YES;
				CLANG_ENABLE_OBJC_WEAK = YES;
				CLANG_WARN_BLOCK_CAPTURE_AUTORELEASING = YES;
				CLANG_WARN_BOOL_CONVERSION = YES;
				CLANG_WARN_COMMA = YES;
				CLANG_WARN_CONSTANT_CONVERSION = YES;
				CLANG_WARN_DEPRECATED_OBJC_IMPLEMENTATIONS = YES;
				CLANG_WARN_DIRECT_OBJC_ISA_USAGE = YES_ERROR;
				CLANG_WARN_DOCUMENTATION_COMMENTS = YES;
				CLANG_WARN_EMPTY_BODY = YES;
				CLANG_WARN_ENUM_CONVERSION = YES;
				CLANG_WARN_INFINITE_RECURSION = YES;
				CLANG_WARN_INT_CONVERSION = YES;
				CLANG_WARN_NON_LITERAL_NULL_CONVERSION = YES;
				CLANG_WARN_OBJC_IMPLICIT_RETAIN_SELF = YES;
				CLANG_WARN_OBJC_LITERAL_CONVERSION = YES;
				CLANG_WARN_OBJC_ROOT_CLASS = YES_ERROR;
				CLANG_WARN_QUOTED_INCLUDE_IN_FRAMEWORK_HEADER = YES;
				CLANG_WARN_RANGE_LOOP_ANALYSIS = YES;
				CLANG_WARN_STRICT_PROTOTYPES = YES;
				CLANG_WARN_SUSPICIOUS_MOVE = YES;
				CLANG_WARN_UNGUARDED_AVAILABILITY = YES_AGGRESSIVE;
				CLANG_WARN_UNREACHABLE_CODE = YES;
				CLANG_WARN__DUPLICATE_METHOD_MATCH = YES;
				COPY_PHASE_STRIP = NO;
				DEBUG_INFORMATION_FORMAT = "dwarf-with-dsym";
				ENABLE_NS_ASSERTIONS = NO;
				ENABLE_STRICT_OBJC_MSGSEND = YES;
				GCC_C_LANGUAGE_STANDARD = gnu11;
				GCC_NO_COMMON_BLOCKS = YES;
				GCC_WARN_64_TO_32_BIT_CONVERSION = YES;
				GCC_WARN_ABOUT_RETURN_TYPE = YES_ERROR;
				GCC_WARN_UNDECLARED_SELECTOR = YES;
				GCC_WARN_UNINITIALIZED_AUTOS = YES_AGGRESSIVE;
				GCC_WARN_UNUSED_FUNCTION = YES;
				GCC_WARN_UNUSED_VARIABLE = YES;
				IPHONEOS_DEPLOYMENT_TARGET = 15.5;
				MTL_ENABLE_DEBUG_INFO = NO;
				MTL_FAST_MATH = YES;
				SDKROOT = iphoneos;
				SWIFT_COMPILATION_MODE = wholemodule;
				SWIFT_OPTIMIZATION_LEVEL = "-O";
				VALIDATE_PRODUCT = YES;
			};
			name = Release;
		};
		DE40CA4F288E773800626AE4 /* Debug */ = {
			isa = XCBuildConfiguration;
			buildSettings = {
				ASSETCATALOG_COMPILER_APPICON_NAME = AppIcon;
				ASSETCATALOG_COMPILER_GLOBAL_ACCENT_COLOR_NAME = AccentColor;
				CODE_SIGN_STYLE = Automatic;
				CURRENT_PROJECT_VERSION = 1;
				GENERATE_INFOPLIST_FILE = YES;
				INFOPLIST_FILE = bannerPractice/Info.plist;
				INFOPLIST_KEY_UIApplicationSupportsIndirectInputEvents = YES;
				INFOPLIST_KEY_UILaunchStoryboardName = LaunchScreen;
				INFOPLIST_KEY_UISupportedInterfaceOrientations_iPad = "UIInterfaceOrientationPortrait UIInterfaceOrientationPortraitUpsideDown UIInterfaceOrientationLandscapeLeft UIInterfaceOrientationLandscapeRight";
				INFOPLIST_KEY_UISupportedInterfaceOrientations_iPhone = "UIInterfaceOrientationPortrait UIInterfaceOrientationLandscapeLeft UIInterfaceOrientationLandscapeRight";
				LD_RUNPATH_SEARCH_PATHS = (
					"$(inherited)",
					"@executable_path/Frameworks",
				);
				MARKETING_VERSION = 1.0;
				PRODUCT_BUNDLE_IDENTIFIER = com.hojoon.bannerPractice;
				PRODUCT_NAME = "$(TARGET_NAME)";
				SWIFT_EMIT_LOC_STRINGS = YES;
				SWIFT_VERSION = 5.0;
				TARGETED_DEVICE_FAMILY = "1,2";
			};
			name = Debug;
		};
		DE40CA50288E773800626AE4 /* Release */ = {
			isa = XCBuildConfiguration;
			buildSettings = {
				ASSETCATALOG_COMPILER_APPICON_NAME = AppIcon;
				ASSETCATALOG_COMPILER_GLOBAL_ACCENT_COLOR_NAME = AccentColor;
				CODE_SIGN_STYLE = Automatic;
				CURRENT_PROJECT_VERSION = 1;
				GENERATE_INFOPLIST_FILE = YES;
				INFOPLIST_FILE = bannerPractice/Info.plist;
				INFOPLIST_KEY_UIApplicationSupportsIndirectInputEvents = YES;
				INFOPLIST_KEY_UILaunchStoryboardName = LaunchScreen;
				INFOPLIST_KEY_UISupportedInterfaceOrientations_iPad = "UIInterfaceOrientationPortrait UIInterfaceOrientationPortraitUpsideDown UIInterfaceOrientationLandscapeLeft UIInterfaceOrientationLandscapeRight";
				INFOPLIST_KEY_UISupportedInterfaceOrientations_iPhone = "UIInterfaceOrientationPortrait UIInterfaceOrientationLandscapeLeft UIInterfaceOrientationLandscapeRight";
				LD_RUNPATH_SEARCH_PATHS = (
					"$(inherited)",
					"@executable_path/Frameworks",
				);
				MARKETING_VERSION = 1.0;
				PRODUCT_BUNDLE_IDENTIFIER = com.hojoon.bannerPractice;
				PRODUCT_NAME = "$(TARGET_NAME)";
				SWIFT_EMIT_LOC_STRINGS = YES;
				SWIFT_VERSION = 5.0;
				TARGETED_DEVICE_FAMILY = "1,2";
			};
			name = Release;
		};
		DE40CA52288E773800626AE4 /* Debug */ = {
			isa = XCBuildConfiguration;
			buildSettings = {
				ALWAYS_EMBED_SWIFT_STANDARD_LIBRARIES = YES;
				BUNDLE_LOADER = "$(TEST_HOST)";
				CODE_SIGN_STYLE = Automatic;
				CURRENT_PROJECT_VERSION = 1;
				GENERATE_INFOPLIST_FILE = YES;
				IPHONEOS_DEPLOYMENT_TARGET = 15.5;
				MARKETING_VERSION = 1.0;
				PRODUCT_BUNDLE_IDENTIFIER = com.hojoon.bannerPracticeTests;
				PRODUCT_NAME = "$(TARGET_NAME)";
				SWIFT_EMIT_LOC_STRINGS = NO;
				SWIFT_VERSION = 5.0;
				TARGETED_DEVICE_FAMILY = "1,2";
				TEST_HOST = "$(BUILT_PRODUCTS_DIR)/bannerPractice.app/bannerPractice";
			};
			name = Debug;
		};
		DE40CA53288E773800626AE4 /* Release */ = {
			isa = XCBuildConfiguration;
			buildSettings = {
				ALWAYS_EMBED_SWIFT_STANDARD_LIBRARIES = YES;
				BUNDLE_LOADER = "$(TEST_HOST)";
				CODE_SIGN_STYLE = Automatic;
				CURRENT_PROJECT_VERSION = 1;
				GENERATE_INFOPLIST_FILE = YES;
				IPHONEOS_DEPLOYMENT_TARGET = 15.5;
				MARKETING_VERSION = 1.0;
				PRODUCT_BUNDLE_IDENTIFIER = com.hojoon.bannerPracticeTests;
				PRODUCT_NAME = "$(TARGET_NAME)";
				SWIFT_EMIT_LOC_STRINGS = NO;
				SWIFT_VERSION = 5.0;
				TARGETED_DEVICE_FAMILY = "1,2";
				TEST_HOST = "$(BUILT_PRODUCTS_DIR)/bannerPractice.app/bannerPractice";
			};
			name = Release;
		};
		DE40CA55288E773800626AE4 /* Debug */ = {
			isa = XCBuildConfiguration;
			buildSettings = {
				ALWAYS_EMBED_SWIFT_STANDARD_LIBRARIES = YES;
				CODE_SIGN_STYLE = Automatic;
				CURRENT_PROJECT_VERSION = 1;
				GENERATE_INFOPLIST_FILE = YES;
				MARKETING_VERSION = 1.0;
				PRODUCT_BUNDLE_IDENTIFIER = com.hojoon.bannerPracticeUITests;
				PRODUCT_NAME = "$(TARGET_NAME)";
				SWIFT_EMIT_LOC_STRINGS = NO;
				SWIFT_VERSION = 5.0;
				TARGETED_DEVICE_FAMILY = "1,2";
				TEST_TARGET_NAME = bannerPractice;
			};
			name = Debug;
		};
		DE40CA56288E773800626AE4 /* Release */ = {
			isa = XCBuildConfiguration;
			buildSettings = {
				ALWAYS_EMBED_SWIFT_STANDARD_LIBRARIES = YES;
				CODE_SIGN_STYLE = Automatic;
				CURRENT_PROJECT_VERSION = 1;
				GENERATE_INFOPLIST_FILE = YES;
				MARKETING_VERSION = 1.0;
				PRODUCT_BUNDLE_IDENTIFIER = com.hojoon.bannerPracticeUITests;
				PRODUCT_NAME = "$(TARGET_NAME)";
				SWIFT_EMIT_LOC_STRINGS = NO;
				SWIFT_VERSION = 5.0;
				TARGETED_DEVICE_FAMILY = "1,2";
				TEST_TARGET_NAME = bannerPractice;
			};
			name = Release;
		};
/* End XCBuildConfiguration section */

/* Begin XCConfigurationList section */
		DE40CA1F288E773600626AE4 /* Build configuration list for PBXProject "bannerPractice" */ = {
			isa = XCConfigurationList;
			buildConfigurations = (
				DE40CA4C288E773800626AE4 /* Debug */,
				DE40CA4D288E773800626AE4 /* Release */,
			);
			defaultConfigurationIsVisible = 0;
			defaultConfigurationName = Release;
		};
		DE40CA4E288E773800626AE4 /* Build configuration list for PBXNativeTarget "bannerPractice" */ = {
			isa = XCConfigurationList;
			buildConfigurations = (
				DE40CA4F288E773800626AE4 /* Debug */,
				DE40CA50288E773800626AE4 /* Release */,
			);
			defaultConfigurationIsVisible = 0;
			defaultConfigurationName = Release;
		};
		DE40CA51288E773800626AE4 /* Build configuration list for PBXNativeTarget "bannerPracticeTests" */ = {
			isa = XCConfigurationList;
			buildConfigurations = (
				DE40CA52288E773800626AE4 /* Debug */,
				DE40CA53288E773800626AE4 /* Release */,
			);
			defaultConfigurationIsVisible = 0;
			defaultConfigurationName = Release;
		};
		DE40CA54288E773800626AE4 /* Build configuration list for PBXNativeTarget "bannerPracticeUITests" */ = {
			isa = XCConfigurationList;
			buildConfigurations = (
				DE40CA55288E773800626AE4 /* Debug */,
				DE40CA56288E773800626AE4 /* Release */,
			);
			defaultConfigurationIsVisible = 0;
			defaultConfigurationName = Release;
		};
/* End XCConfigurationList section */

/* Begin XCRemoteSwiftPackageReference section */
		DE40CA57288E797300626AE4 /* XCRemoteSwiftPackageReference "SnapKit" */ = {
			isa = XCRemoteSwiftPackageReference;
			repositoryURL = "https://github.com/SnapKit/SnapKit";
			requirement = {
				kind = upToNextMajorVersion;
				minimumVersion = 5.0.0;
			};
		};
		DE40CA5A288E798100626AE4 /* XCRemoteSwiftPackageReference "Then" */ = {
			isa = XCRemoteSwiftPackageReference;
			repositoryURL = "https://github.com/devxoul/Then";
			requirement = {
				kind = upToNextMajorVersion;
				minimumVersion = 3.0.0;
			};
		};
/* End XCRemoteSwiftPackageReference section */

/* Begin XCSwiftPackageProductDependency section */
		DE40CA58288E797300626AE4 /* SnapKit */ = {
			isa = XCSwiftPackageProductDependency;
			package = DE40CA57288E797300626AE4 /* XCRemoteSwiftPackageReference "SnapKit" */;
			productName = SnapKit;
		};
		DE40CA5B288E798100626AE4 /* Then */ = {
			isa = XCSwiftPackageProductDependency;
			package = DE40CA5A288E798100626AE4 /* XCRemoteSwiftPackageReference "Then" */;
			productName = Then;
		};
/* End XCSwiftPackageProductDependency section */
	};
	rootObject = DE40CA1C288E773600626AE4 /* Project object */;
}
